
Microsoft Visual Studio Solution File, Format Version 12.00
# Visual Studio Version 17
VisualStudioVersion = 17.3.32804.467
MinimumVisualStudioVersion = 10.0.40219.1
Project("{FAE04EC0-301F-11D3-BF4B-00C04F79EFBC}") = "CabInvoiceGenerator", "CabInvoiceGenerator.csproj", "{2FD7ABB6-7F98-4023-AAD1-240C2B3C01EF}"
EndProject
Global
	GlobalSection(SolutionConfigurationPlatforms) = preSolution
		Debug|Any CPU = Debug|Any CPU
		Release|Any CPU = Release|Any CPU
	EndGlobalSection
	GlobalSection(ProjectConfigurationPlatforms) = postSolution
		{2FD7ABB6-7F98-4023-AAD1-240C2B3C01EF}.Debug|Any CPU.ActiveCfg = Debug|Any CPU
		{2FD7ABB6-7F98-4023-AAD1-240C2B3C01EF}.Debug|Any CPU.Build.0 = Debug|Any CPU
		{2FD7ABB6-7F98-4023-AAD1-240C2B3C01EF}.Release|Any CPU.ActiveCfg = Release|Any CPU
		{2FD7ABB6-7F98-4023-AAD1-240C2B3C01EF}.Release|Any CPU.Build.0 = Release|Any CPU
	EndGlobalSection
	GlobalSection(SolutionProperties) = preSolution
		HideSolutionNode = FALSE
	EndGlobalSection
	GlobalSection(ExtensibilityGlobals) = postSolution
		SolutionGuid = {FD7891C1-6F0D-4B1C-867E-0518338FD8C8}
	EndGlobalSection
EndGlobal
